
Microsoft Visual Studio Solution File, Format Version 12.00
# Visual Studio Version 17
VisualStudioVersion = 17.10.34928.147
MinimumVisualStudioVersion = 10.0.40219.1
Project("{8BC9CEB8-8B4A-11D0-8D11-00A0C91BC942}") = "server", "server\server.vcxproj", "{F298E2E5-ECF9-4F67-8BCA-67235403C7CC}"
EndProject
Project("{8BC9CEB8-8B4A-11D0-8D11-00A0C91BC942}") = "client", "client\client.vcxproj", "{215F79B3-F42C-410B-8465-D90518F626A8}"
EndProject
Global
	GlobalSection(SolutionConfigurationPlatforms) = preSolution
		Debug|x64 = Debug|x64
		Debug|x86 = Debug|x86
		Release|x64 = Release|x64
		Release|x86 = Release|x86
	EndGlobalSection
	GlobalSection(ProjectConfigurationPlatforms) = postSolution
		{F298E2E5-ECF9-4F67-8BCA-67235403C7CC}.Debug|x64.ActiveCfg = Debug|x64
		{F298E2E5-ECF9-4F67-8BCA-67235403C7CC}.Debug|x64.Build.0 = Debug|x64
		{F298E2E5-ECF9-4F67-8BCA-67235403C7CC}.Debug|x86.ActiveCfg = Debug|Win32
		{F298E2E5-ECF9-4F67-8BCA-67235403C7CC}.Debug|x86.Build.0 = Debug|Win32
		{F298E2E5-ECF9-4F67-8BCA-67235403C7CC}.Release|x64.ActiveCfg = Release|x64
		{F298E2E5-ECF9-4F67-8BCA-67235403C7CC}.Release|x64.Build.0 = Release|x64
		{F298E2E5-ECF9-4F67-8BCA-67235403C7CC}.Release|x86.ActiveCfg = Release|Win32
		{F298E2E5-ECF9-4F67-8BCA-67235403C7CC}.Release|x86.Build.0 = Release|Win32
		{215F79B3-F42C-410B-8465-D90518F626A8}.Debug|x64.ActiveCfg = Debug|x64
		{215F79B3-F42C-410B-8465-D90518F626A8}.Debug|x64.Build.0 = Debug|x64
		{215F79B3-F42C-410B-8465-D90518F626A8}.Debug|x86.ActiveCfg = Debug|Win32
		{215F79B3-F42C-410B-8465-D90518F626A8}.Debug|x86.Build.0 = Debug|Win32
		{215F79B3-F42C-410B-8465-D90518F626A8}.Release|x64.ActiveCfg = Release|x64
		{215F79B3-F42C-410B-8465-D90518F626A8}.Release|x64.Build.0 = Release|x64
		{215F79B3-F42C-410B-8465-D90518F626A8}.Release|x86.ActiveCfg = Release|Win32
		{215F79B3-F42C-410B-8465-D90518F626A8}.Release|x86.Build.0 = Release|Win32
	EndGlobalSection
	GlobalSection(SolutionProperties) = preSolution
		HideSolutionNode = FALSE
	EndGlobalSection
	GlobalSection(ExtensibilityGlobals) = postSolution
		SolutionGuid = {822F11FE-9C67-47FE-9CBE-C4CF5AC69DB4}
	EndGlobalSection
EndGlobal
